// !$*UTF8*$!
{
	archiveVersion = 1;
	classes = {
	};
	objectVersion = 50;
	objects = {

/* Begin PBXBuildFile section */
		5F601D852636F32D004B9628 /* File.swift in Sources */ = {isa = PBXBuildFile; fileRef = 5F601D842636F32D004B9628 /* File.swift */; };
		5F6DDBDB262CB551003481ED /* List_NotesApp.swift in Sources */ = {isa = PBXBuildFile; fileRef = 5F6DDBDA262CB551003481ED /* List_NotesApp.swift */; };
		5F6DDBDF262CB553003481ED /* Assets.xcassets in Resources */ = {isa = PBXBuildFile; fileRef = 5F6DDBDE262CB553003481ED /* Assets.xcassets */; };
		5F6DDBE2262CB553003481ED /* Preview Assets.xcassets in Resources */ = {isa = PBXBuildFile; fileRef = 5F6DDBE1262CB553003481ED /* Preview Assets.xcassets */; };
		5F6DDBF1262CB5FC003481ED /* Category&Notes.xcdatamodeld in Sources */ = {isa = PBXBuildFile; fileRef = 5F6DDBEF262CB5FC003481ED /* Category&Notes.xcdatamodeld */; };
		5F6DDBF5262CB897003481ED /* CoreDataManger.swift in Sources */ = {isa = PBXBuildFile; fileRef = 5F6DDBF4262CB897003481ED /* CoreDataManger.swift */; };
		5F6DDBFA262CBEE5003481ED /* ListView.swift in Sources */ = {isa = PBXBuildFile; fileRef = 5F6DDBF9262CBEE5003481ED /* ListView.swift */; };
		5F6DDBFD262CBF2B003481ED /* NewNoteView.swift in Sources */ = {isa = PBXBuildFile; fileRef = 5F6DDBFC262CBF2B003481ED /* NewNoteView.swift */; };
		5F6DDC00262CBF68003481ED /* NewCategoryView.swift in Sources */ = {isa = PBXBuildFile; fileRef = 5F6DDBFF262CBF68003481ED /* NewCategoryView.swift */; };
		5F7384AE262EE46B00C9B4CF /* NoteDetailView.swift in Sources */ = {isa = PBXBuildFile; fileRef = 5F7384AD262EE46B00C9B4CF /* NoteDetailView.swift */; };
/* End PBXBuildFile section */

/* Begin PBXFileReference section */
		5F601D842636F32D004B9628 /* File.swift */ = {isa = PBXFileReference; lastKnownFileType = sourcecode.swift; path = File.swift; sourceTree = "<group>"; };
		5F6DDBD7262CB551003481ED /* List&Notes.app */ = {isa = PBXFileReference; explicitFileType = wrapper.application; includeInIndex = 0; path = "List&Notes.app"; sourceTree = BUILT_PRODUCTS_DIR; };
		5F6DDBDA262CB551003481ED /* List_NotesApp.swift */ = {isa = PBXFileReference; lastKnownFileType = sourcecode.swift; path = List_NotesApp.swift; sourceTree = "<group>"; };
		5F6DDBDE262CB553003481ED /* Assets.xcassets */ = {isa = PBXFileReference; lastKnownFileType = folder.assetcatalog; path = Assets.xcassets; sourceTree = "<group>"; };
		5F6DDBE1262CB553003481ED /* Preview Assets.xcassets */ = {isa = PBXFileReference; lastKnownFileType = folder.assetcatalog; path = "Preview Assets.xcassets"; sourceTree = "<group>"; };
		5F6DDBE3262CB553003481ED /* Info.plist */ = {isa = PBXFileReference; lastKnownFileType = text.plist.xml; path = Info.plist; sourceTree = "<group>"; };
		5F6DDBF0262CB5FC003481ED /* Category&Notes.xcdatamodel */ = {isa = PBXFileReference; lastKnownFileType = wrapper.xcdatamodel; path = "Category&Notes.xcdatamodel"; sourceTree = "<group>"; };
		5F6DDBF4262CB897003481ED /* CoreDataManger.swift */ = {isa = PBXFileReference; lastKnownFileType = sourcecode.swift; path = CoreDataManger.swift; sourceTree = "<group>"; };
		5F6DDBF9262CBEE5003481ED /* ListView.swift */ = {isa = PBXFileReference; lastKnownFileType = sourcecode.swift; path = ListView.swift; sourceTree = "<group>"; };
		5F6DDBFC262CBF2B003481ED /* NewNoteView.swift */ = {isa = PBXFileReference; lastKnownFileType = sourcecode.swift; path = NewNoteView.swift; sourceTree = "<group>"; };
		5F6DDBFF262CBF68003481ED /* NewCategoryView.swift */ = {isa = PBXFileReference; lastKnownFileType = sourcecode.swift; path = NewCategoryView.swift; sourceTree = "<group>"; };
		5F7384AD262EE46B00C9B4CF /* NoteDetailView.swift */ = {isa = PBXFileReference; lastKnownFileType = sourcecode.swift; path = NoteDetailView.swift; sourceTree = "<group>"; };
/* End PBXFileReference section */

/* Begin PBXFrameworksBuildPhase section */
		5F6DDBD4262CB551003481ED /* Frameworks */ = {
			isa = PBXFrameworksBuildPhase;
			buildActionMask = 2147483647;
			files = (
			);
			runOnlyForDeploymentPostprocessing = 0;
		};
/* End PBXFrameworksBuildPhase section */

/* Begin PBXGroup section */
		5F601D832636F318004B9628 /* Model */ = {
			isa = PBXGroup;
			children = (
				5F601D842636F32D004B9628 /* File.swift */,
			);
			path = Model;
			sourceTree = "<group>";
		};
		5F6DDBCE262CB550003481ED = {
			isa = PBXGroup;
			children = (
				5F6DDBD9262CB551003481ED /* List&Notes */,
				5F6DDBD8262CB551003481ED /* Products */,
			);
			sourceTree = "<group>";
		};
		5F6DDBD8262CB551003481ED /* Products */ = {
			isa = PBXGroup;
			children = (
				5F6DDBD7262CB551003481ED /* List&Notes.app */,
			);
			name = Products;
			sourceTree = "<group>";
		};
		5F6DDBD9262CB551003481ED /* List&Notes */ = {
			isa = PBXGroup;
			children = (
				5F6DDBDA262CB551003481ED /* List_NotesApp.swift */,
				5F6DDBF3262CB875003481ED /* Managers */,
				5F601D832636F318004B9628 /* Model */,
				5F6DDBEC262CB574003481ED /* View */,
				5F6DDBEA262CB55E003481ED /* SupportingFiles */,
				5F6DDBE3262CB553003481ED /* Info.plist */,
				5F6DDBE0262CB553003481ED /* Preview Content */,
			);
			path = "List&Notes";
			sourceTree = "<group>";
		};
		5F6DDBE0262CB553003481ED /* Preview Content */ = {
			isa = PBXGroup;
			children = (
				5F6DDBE1262CB553003481ED /* Preview Assets.xcassets */,
			);
			path = "Preview Content";
			sourceTree = "<group>";
		};
		5F6DDBEA262CB55E003481ED /* SupportingFiles */ = {
			isa = PBXGroup;
			children = (
				5F6DDBEF262CB5FC003481ED /* Category&Notes.xcdatamodeld */,
			);
			path = SupportingFiles;
			sourceTree = "<group>";
		};
		5F6DDBEC262CB574003481ED /* View */ = {
			isa = PBXGroup;
			children = (
				5F6DDBDE262CB553003481ED /* Assets.xcassets */,
				5F6DDBF9262CBEE5003481ED /* ListView.swift */,
				5F6DDBFC262CBF2B003481ED /* NewNoteView.swift */,
				5F6DDBFF262CBF68003481ED /* NewCategoryView.swift */,
				5F7384AD262EE46B00C9B4CF /* NoteDetailView.swift */,
			);
			path = View;
			sourceTree = "<group>";
		};
		5F6DDBF3262CB875003481ED /* Managers */ = {
			isa = PBXGroup;
			children = (
				5F6DDBF4262CB897003481ED /* CoreDataManger.swift */,
			);
			path = Managers;
			sourceTree = "<group>";
		};
/* End PBXGroup section */

/* Begin PBXNativeTarget section */
		5F6DDBD6262CB551003481ED /* List&Notes */ = {
			isa = PBXNativeTarget;
			buildConfigurationList = 5F6DDBE6262CB553003481ED /* Build configuration list for PBXNativeTarget "List&Notes" */;
			buildPhases = (
				5F6DDBD3262CB551003481ED /* Sources */,
				5F6DDBD4262CB551003481ED /* Frameworks */,
				5F6DDBD5262CB551003481ED /* Resources */,
			);
			buildRules = (
			);
			dependencies = (
			);
			name = "List&Notes";
			productName = "List&Notes";
			productReference = 5F6DDBD7262CB551003481ED /* List&Notes.app */;
			productType = "com.apple.product-type.application";
		};
/* End PBXNativeTarget section */

/* Begin PBXProject section */
		5F6DDBCF262CB550003481ED /* Project object */ = {
			isa = PBXProject;
			attributes = {
				LastSwiftUpdateCheck = 1240;
				LastUpgradeCheck = 1240;
				TargetAttributes = {
					5F6DDBD6262CB551003481ED = {
						CreatedOnToolsVersion = 12.4;
					};
				};
			};
			buildConfigurationList = 5F6DDBD2262CB550003481ED /* Build configuration list for PBXProject "List&Notes" */;
			compatibilityVersion = "Xcode 9.3";
			developmentRegion = en;
			hasScannedForEncodings = 0;
			knownRegions = (
				en,
				Base,
			);
			mainGroup = 5F6DDBCE262CB550003481ED;
			productRefGroup = 5F6DDBD8262CB551003481ED /* Products */;
			projectDirPath = "";
			projectRoot = "";
			targets = (
				5F6DDBD6262CB551003481ED /* List&Notes */,
			);
		};
/* End PBXProject section */

/* Begin PBXResourcesBuildPhase section */
		5F6DDBD5262CB551003481ED /* Resources */ = {
			isa = PBXResourcesBuildPhase;
			buildActionMask = 2147483647;
			files = (
				5F6DDBE2262CB553003481ED /* Preview Assets.xcassets in Resources */,
				5F6DDBDF262CB553003481ED /* Assets.xcassets in Resources */,
			);
			runOnlyForDeploymentPostprocessing = 0;
		};
/* End PBXResourcesBuildPhase section */

/* Begin PBXSourcesBuildPhase section */
		5F6DDBD3262CB551003481ED /* Sources */ = {
			isa = PBXSourcesBuildPhase;
			buildActionMask = 2147483647;
			files = (
				5F6DDBFA262CBEE5003481ED /* ListView.swift in Sources */,
				5F6DDBF1262CB5FC003481ED /* Category&Notes.xcdatamodeld in Sources */,
				5F6DDBF5262CB897003481ED /* CoreDataManger.swift in Sources */,
				5F6DDBFD262CBF2B003481ED /* NewNoteView.swift in Sources */,
				5F6DDBDB262CB551003481ED /* List_NotesApp.swift in Sources */,
				5F601D852636F32D004B9628 /* File.swift in Sources */,
				5F6DDC00262CBF68003481ED /* NewCategoryView.swift in Sources */,
				5F7384AE262EE46B00C9B4CF /* NoteDetailView.swift in Sources */,
			);
			runOnlyForDeploymentPostprocessing = 0;
		};
/* End PBXSourcesBuildPhase section */

/* Begin XCBuildConfiguration section */
		5F6DDBE4262CB553003481ED /* Debug */ = {
			isa = XCBuildConfiguration;
			buildSettings = {
				ALWAYS_SEARCH_USER_PATHS = NO;
				CLANG_ANALYZER_NONNULL = YES;
				CLANG_ANALYZER_NUMBER_OBJECT_CONVERSION = YES_AGGRESSIVE;
				CLANG_CXX_LANGUAGE_STANDARD = "gnu++14";
				CLANG_CXX_LIBRARY = "libc++";
				CLANG_ENABLE_MODULES = YES;
				CLANG_ENABLE_OBJC_ARC = YES;
				CLANG_ENABLE_OBJC_WEAK = YES;
				CLANG_WARN_BLOCK_CAPTURE_AUTORELEASING = YES;
				CLANG_WARN_BOOL_CONVERSION = YES;
				CLANG_WARN_COMMA = YES;
				CLANG_WARN_CONSTANT_CONVERSION = YES;
				CLANG_WARN_DEPRECATED_OBJC_IMPLEMENTATIONS = YES;
				CLANG_WARN_DIRECT_OBJC_ISA_USAGE = YES_ERROR;
				CLANG_WARN_DOCUMENTATION_COMMENTS = YES;
				CLANG_WARN_EMPTY_BODY = YES;
				CLANG_WARN_ENUM_CONVERSION = YES;
				CLANG_WARN_INFINITE_RECURSION = YES;
				CLANG_WARN_INT_CONVERSION = YES;
				CLANG_WARN_NON_LITERAL_NULL_CONVERSION = YES;
				CLANG_WARN_OBJC_IMPLICIT_RETAIN_SELF = YES;
				CLANG_WARN_OBJC_LITERAL_CONVERSION = YES;
				CLANG_WARN_OBJC_ROOT_CLASS = YES_ERROR;
				CLANG_WARN_QUOTED_INCLUDE_IN_FRAMEWORK_HEADER = YES;
				CLANG_WARN_RANGE_LOOP_ANALYSIS = YES;
				CLANG_WARN_STRICT_PROTOTYPES = YES;
				CLANG_WARN_SUSPICIOUS_MOVE = YES;
				CLANG_WARN_UNGUARDED_AVAILABILITY = YES_AGGRESSIVE;
				CLANG_WARN_UNREACHABLE_CODE = YES;
				CLANG_WARN__DUPLICATE_METHOD_MATCH = YES;
				COPY_PHASE_STRIP = NO;
				DEBUG_INFORMATION_FORMAT = dwarf;
				ENABLE_STRICT_OBJC_MSGSEND = YES;
				ENABLE_TESTABILITY = YES;
				GCC_C_LANGUAGE_STANDARD = gnu11;
				GCC_DYNAMIC_NO_PIC = NO;
				GCC_NO_COMMON_BLOCKS = YES;
				GCC_OPTIMIZATION_LEVEL = 0;
				GCC_PREPROCESSOR_DEFINITIONS = (
					"DEBUG=1",
					"$(inherited)",
				);
				GCC_WARN_64_TO_32_BIT_CONVERSION = YES;
				GCC_WARN_ABOUT_RETURN_TYPE = YES_ERROR;
				GCC_WARN_UNDECLARED_SELECTOR = YES;
				GCC_WARN_UNINITIALIZED_AUTOS = YES_AGGRESSIVE;
				GCC_WARN_UNUSED_FUNCTION = YES;
				GCC_WARN_UNUSED_VARIABLE = YES;
				IPHONEOS_DEPLOYMENT_TARGET = 14.4;
				MTL_ENABLE_DEBUG_INFO = INCLUDE_SOURCE;
				MTL_FAST_MATH = YES;
				ONLY_ACTIVE_ARCH = YES;
				SDKROOT = iphoneos;
				SWIFT_ACTIVE_COMPILATION_CONDITIONS = DEBUG;
				SWIFT_OPTIMIZATION_LEVEL = "-Onone";
			};
			name = Debug;
		};
		5F6DDBE5262CB553003481ED /* Release */ = {
			isa = XCBuildConfiguration;
			buildSettings = {
				ALWAYS_SEARCH_USER_PATHS = NO;
				CLANG_ANALYZER_NONNULL = YES;
				CLANG_ANALYZER_NUMBER_OBJECT_CONVERSION = YES_AGGRESSIVE;
				CLANG_CXX_LANGUAGE_STANDARD = "gnu++14";
				CLANG_CXX_LIBRARY = "libc++";
				CLANG_ENABLE_MODULES = YES;
				CLANG_ENABLE_OBJC_ARC = YES;
				CLANG_ENABLE_OBJC_WEAK = YES;
				CLANG_WARN_BLOCK_CAPTURE_AUTORELEASING = YES;
				CLANG_WARN_BOOL_CONVERSION = YES;
				CLANG_WARN_COMMA = YES;
				CLANG_WARN_CONSTANT_CONVERSION = YES;
				CLANG_WARN_DEPRECATED_OBJC_IMPLEMENTATIONS = YES;
				CLANG_WARN_DIRECT_OBJC_ISA_USAGE = YES_ERROR;
				CLANG_WARN_DOCUMENTATION_COMMENTS = YES;
				CLANG_WARN_EMPTY_BODY = YES;
				CLANG_WARN_ENUM_CONVERSION = YES;
				CLANG_WARN_INFINITE_RECURSION = YES;
				CLANG_WARN_INT_CONVERSION = YES;
				CLANG_WARN_NON_LITERAL_NULL_CONVERSION = YES;
				CLANG_WARN_OBJC_IMPLICIT_RETAIN_SELF = YES;
				CLANG_WARN_OBJC_LITERAL_CONVERSION = YES;
				CLANG_WARN_OBJC_ROOT_CLASS = YES_ERROR;
				CLANG_WARN_QUOTED_INCLUDE_IN_FRAMEWORK_HEADER = YES;
				CLANG_WARN_RANGE_LOOP_ANALYSIS = YES;
				CLANG_WARN_STRICT_PROTOTYPES = YES;
				CLANG_WARN_SUSPICIOUS_MOVE = YES;
				CLANG_WARN_UNGUARDED_AVAILABILITY = YES_AGGRESSIVE;
				CLANG_WARN_UNREACHABLE_CODE = YES;
				CLANG_WARN__DUPLICATE_METHOD_MATCH = YES;
				COPY_PHASE_STRIP = NO;
				DEBUG_INFORMATION_FORMAT = "dwarf-with-dsym";
				ENABLE_NS_ASSERTIONS = NO;
				ENABLE_STRICT_OBJC_MSGSEND = YES;
				GCC_C_LANGUAGE_STANDARD = gnu11;
				GCC_NO_COMMON_BLOCKS = YES;
				GCC_WARN_64_TO_32_BIT_CONVERSION = YES;
				GCC_WARN_ABOUT_RETURN_TYPE = YES_ERROR;
				GCC_WARN_UNDECLARED_SELECTOR = YES;
				GCC_WARN_UNINITIALIZED_AUTOS = YES_AGGRESSIVE;
				GCC_WARN_UNUSED_FUNCTION = YES;
				GCC_WARN_UNUSED_VARIABLE = YES;
				IPHONEOS_DEPLOYMENT_TARGET = 14.4;
				MTL_ENABLE_DEBUG_INFO = NO;
				MTL_FAST_MATH = YES;
				SDKROOT = iphoneos;
				SWIFT_COMPILATION_MODE = wholemodule;
				SWIFT_OPTIMIZATION_LEVEL = "-O";
				VALIDATE_PRODUCT = YES;
			};
			name = Release;
		};
		5F6DDBE7262CB553003481ED /* Debug */ = {
			isa = XCBuildConfiguration;
			buildSettings = {
				ASSETCATALOG_COMPILER_APPICON_NAME = AppIcon;
				ASSETCATALOG_COMPILER_GLOBAL_ACCENT_COLOR_NAME = AccentColor;
				CODE_SIGN_STYLE = Automatic;
				DEVELOPMENT_ASSET_PATHS = "\"List&Notes/Preview Content\"";
				DEVELOPMENT_TEAM = NLCUCTBNY2;
				ENABLE_PREVIEWS = YES;
				INFOPLIST_FILE = "List&Notes/Info.plist";
				IPHONEOS_DEPLOYMENT_TARGET = 14.0;
				LD_RUNPATH_SEARCH_PATHS = (
					"$(inherited)",
					"@executable_path/Frameworks",
				);
				PRODUCT_BUNDLE_IDENTIFIER = "fr.-YoanSoussand.List-Notes";
				PRODUCT_NAME = "$(TARGET_NAME)";
				SWIFT_VERSION = 5.0;
				TARGETED_DEVICE_FAMILY = "1,2";
			};
			name = Debug;
		};
		5F6DDBE8262CB553003481ED /* Release */ = {
			isa = XCBuildConfiguration;
			buildSettings = {
				ASSETCATALOG_COMPILER_APPICON_NAME = AppIcon;
				ASSETCATALOG_COMPILER_GLOBAL_ACCENT_COLOR_NAME = AccentColor;
				CODE_SIGN_STYLE = Automatic;
				DEVELOPMENT_ASSET_PATHS = "\"List&Notes/Preview Content\"";
				DEVELOPMENT_TEAM = NLCUCTBNY2;
				ENABLE_PREVIEWS = YES;
				INFOPLIST_FILE = "List&Notes/Info.plist";
				IPHONEOS_DEPLOYMENT_TARGET = 14.0;
				LD_RUNPATH_SEARCH_PATHS = (
					"$(inherited)",
					"@executable_path/Frameworks",
				);
				PRODUCT_BUNDLE_IDENTIFIER = "fr.-YoanSoussand.List-Notes";
				PRODUCT_NAME = "$(TARGET_NAME)";
				SWIFT_VERSION = 5.0;
				TARGETED_DEVICE_FAMILY = "1,2";
			};
			name = Release;
		};
/* End XCBuildConfiguration section */

/* Begin XCConfigurationList section */
		5F6DDBD2262CB550003481ED /* Build configuration list for PBXProject "List&Notes" */ = {
			isa = XCConfigurationList;
			buildConfigurations = (
				5F6DDBE4262CB553003481ED /* Debug */,
				5F6DDBE5262CB553003481ED /* Release */,
			);
			defaultConfigurationIsVisible = 0;
			defaultConfigurationName = Release;
		};
		5F6DDBE6262CB553003481ED /* Build configuration list for PBXNativeTarget "List&Notes" */ = {
			isa = XCConfigurationList;
			buildConfigurations = (
				5F6DDBE7262CB553003481ED /* Debug */,
				5F6DDBE8262CB553003481ED /* Release */,
			);
			defaultConfigurationIsVisible = 0;
			defaultConfigurationName = Release;
		};
/* End XCConfigurationList section */

/* Begin XCVersionGroup section */
		5F6DDBEF262CB5FC003481ED /* Category&Notes.xcdatamodeld */ = {
			isa = XCVersionGroup;
			children = (
				5F6DDBF0262CB5FC003481ED /* Category&Notes.xcdatamodel */,
			);
			currentVersion = 5F6DDBF0262CB5FC003481ED /* Category&Notes.xcdatamodel */;
			path = "Category&Notes.xcdatamodeld";
			sourceTree = "<group>";
			versionGroupType = wrapper.xcdatamodel;
		};
/* End XCVersionGroup section */
	};
	rootObject = 5F6DDBCF262CB550003481ED /* Project object */;
}
